{
  "version": 2,
  "dependencies": {
    "net10.0": {
      "DotNet.ReproducibleBuilds": {
        "type": "Direct",
        "requested": "[2.0.5, )",
        "resolved": "2.0.5",
        "contentHash": "8LrlvI1KpjjJ4VGSqZ16yoOCKlQnYS+Y8rYNifNrscmVh5anJcF9E4e0NiDP30BHBMUbkoJ5KdcxoRWM7Pz9Aw=="
      },
      "ChilliCream.Nitro.App": {
        "type": "Transitive",
        "resolved": "32.0.2",
        "contentHash": "wSD2dFFraVpIsQDiy31k1vkGWYAGdzNVXOhtOIujMt/ADAzfkEbJUsPyF4qoktFspepN4VrAN7DMS8QRqkEhTg==",
        "dependencies": {
          "Yarp.ReverseProxy": "2.3.0"
        }
      },
      "Cronos": {
        "type": "Transitive",
        "resolved": "0.13.0",
        "contentHash": "Nkve+Yi0+ol3ntSBRHeW0ka9cJQ8vndSUvvkXqF9LVqwpoqWueyxu/HS275r98RDOmF7/mzRnZW5XXUBXob+TA=="
      },
      "GreenDonut": {
        "type": "Transitive",
        "resolved": "16.6.4",
        "contentHash": "nzv5xP1krDEqhq4GekXWdKlvGPb0NM8JF3B0WpEqIS/tVG7U3sBaQuGCMSNJ02kvrtcde+YEPYtcTh7Y0SJ+CA==",
        "dependencies": {
          "GreenDonut.Abstractions": "16.6.4"
        }
      },
      "GreenDonut.Abstractions": {
        "type": "Transitive",
        "resolved": "16.6.4",
        "contentHash": "egSQAz8BbFmLqOWtX0s/xlaqz/43fHUzdu/9TjpZ3s4F8FIVgO4rBfKNFWt2nsba9tvT1AW2WbAaf+3pY6IN0w=="
      },
      "GreenDonut.Data": {
        "type": "Transitive",
        "resolved": "16.6.4",
        "contentHash": "kYYLxAEPJl0/vdWF2i5pNs6pndGbuiz8OFAyUovfsu2Guo3dSomkU91PC0kpOeToXoQyRDdjz3GUKNBFnT9PQw==",
        "dependencies": {
          "GreenDonut": "16.6.4",
          "GreenDonut.Data.Abstractions": "16.6.4"
        }
      },
      "GreenDonut.Data.Abstractions": {
        "type": "Transitive",
        "resolved": "16.6.4",
        "contentHash": "Ao8i3nm86+vRKlpctKoWvZ4OdjSLPAQmWp3VMFmCuMVF3rbsVR8TxLRcAG/2/B6VdbGQyOO8tJUGSAooncu28g==",
        "dependencies": {
          "GreenDonut.Abstractions": "16.6.4",
          "GreenDonut.Data.Primitives": "16.6.4"
        }
      },
      "GreenDonut.Data.EntityFramework": {
        "type": "Transitive",
        "resolved": "16.6.2",
        "contentHash": "8SabG5hkQYWV5mW7bHp3WkeCG2kmGb8SjddUbHkJEpnzElZ+rNzzkUiIft7kCZL5Ap3GYKJKogjejwPosoQUPA==",
        "dependencies": {
          "GreenDonut.Data": "16.6.2",
          "Microsoft.EntityFrameworkCore": "10.0.0"
        }
      },
      "GreenDonut.Data.Primitives": {
        "type": "Transitive",
        "resolved": "16.6.4",
        "contentHash": "p3185VDDm5xV6ZQrkJWkmYaPCVE2BIg6up6R6DrQKnCwIMv3VDzFgNLnVu2eNqoj3iEplBZJBdk1OzvYZO3Xdg=="
      },
      "HotChocolate.Abstractions": {
        "type": "Transitive",
        "resolved": "16.6.4",
        "contentHash": "1ELetbKeMEJXK1D/G9kR55XGF4FkaYS8zvLkWIl/3s75BWPTk97vzC/EBgTEC5Q/Wj7zmBDUwdA7a9noezeoFw==",
        "dependencies": {
          "HotChocolate.Execution.Abstractions": "16.6.4",
          "HotChocolate.Language": "16.6.4",
          "HotChocolate.Primitives": "16.6.4"
        }
      },
      "HotChocolate.AspNetCore.Pipeline": {
        "type": "Transitive",
        "resolved": "16.6.2",
        "contentHash": "eiO93vtPY2Gxmd8S/oVlUvDF2+11cunweC7K6RZSY7jupmjBr8YiofvwdL/Pe/4TP2Mbemwfo1+cBZSdT/bVpA==",
        "dependencies": {
          "ChilliCream.Nitro.App": "32.0.2",
          "HotChocolate.Caching.Memory": "16.6.2",
          "HotChocolate.PersistedOperations.Abstractions": "16.6.2",
          "HotChocolate.Transport.Formatters": "16.6.2",
          "HotChocolate.Transport.Sockets": "16.6.2"
        }
      },
      "HotChocolate.Authorization": {
        "type": "Transitive",
        "resolved": "16.6.2",
        "contentHash": "7owE7r0MpddA+tOtpwCfaRqp5nxF2jWP+lhzdvzSMxKzO4Of74UQo2pwzl136Sv6SKME1Ln6ywJjMrSns1PiNg==",
        "dependencies": {
          "HotChocolate.Types": "16.6.2"
        }
      },
      "HotChocolate.Caching.Memory": {
        "type": "Transitive",
        "resolved": "16.6.4",
        "contentHash": "oEOWL5+6wVG7HQHil5EydXcCdV296ZSuUO27mZYAxq5wMx9aX9D/ZkUOWU3To1vo75w767tqrr7+OEGWjPxuiA=="
      },
      "HotChocolate.Execution.Abstractions": {
        "type": "Transitive",
        "resolved": "16.6.4",
        "contentHash": "pmaAsn6q4C/elx0SVnTGYWZxy3AqY5V7FYf/3CR8fq7i4rMKH/hHe/qfIoAzC6Phbg1tacHlT2YBeOAssQ3GoA==",
        "dependencies": {
          "HotChocolate.Features": "16.6.4",
          "HotChocolate.Language.SyntaxTree": "16.6.4",
          "HotChocolate.Language.Web": "16.6.4",
          "HotChocolate.Primitives": "16.6.4",
          "HotChocolate.Text.Json": "16.6.4",
          "HotChocolate.Types.Abstractions": "16.6.4",
          "HotChocolate.Utilities.Buffers": "16.6.4",
          "HotChocolate.Utilities.Tasks": "16.6.4"
        }
      },
      "HotChocolate.Execution.Configuration.Abstractions": {
        "type": "Transitive",
        "resolved": "16.6.4",
        "contentHash": "OP16Y71IuSuBhGuTNo3gujdBF5HP1WmZYtNV6bUpCv/r4r7dG8rKQYxd2nlnPfTeiFQsvZyqGNKQLxATwxOiCQ==",
        "dependencies": {
          "HotChocolate.Abstractions": "16.6.4"
        }
      },
      "HotChocolate.Execution.Operation.Abstractions": {
        "type": "Transitive",
        "resolved": "16.6.4",
        "contentHash": "yfXI/ps/VYFyVtj3Z29ImoSLxGfn5OTRXmhkpQtKhQLTiFA8DbxU8/swXRx8bTJL8YS3AOAdPn5qiZBD6rz93Q==",
        "dependencies": {
          "HotChocolate.Features": "16.6.4",
          "HotChocolate.Types.Abstractions": "16.6.4"
        }
      },
      "HotChocolate.Execution.Pipeline": {
        "type": "Transitive",
        "resolved": "16.6.4",
        "contentHash": "ZaJ48M13jKTsVphND7rK+JvWkxM3oDmYLL/JDNj0zjMqMH77PQSLVALK/OOKSI0HxhDbKWdVSvUMKg7MoXrJ5A==",
        "dependencies": {
          "HotChocolate.Execution.Abstractions": "16.6.4",
          "HotChocolate.Validation": "16.6.4"
        }
      },
      "HotChocolate.Features": {
        "type": "Transitive",
        "resolved": "16.6.4",
        "contentHash": "0SGN2IDkopXsaxaN0qT+Ww5d/Y+yV4ZvG+xCKU0CvWlTnrq6JrpgeZcJF594EwJnXB4Zja3Wn1piKFEh0ewPDw=="
      },
      "HotChocolate.Fusion.Language": {
        "type": "Transitive",
        "resolved": "16.6.4",
        "contentHash": "euXggAJYrOhpd0OpDXLZOQ49AocNkIYUCVEoU6403EDTN46PnaDz2ltGnhcYk8bI1qMq0nm+ZbcmREcdRJfonQ=="
      },
      "HotChocolate.Fusion.Utilities": {
        "type": "Transitive",
        "resolved": "16.6.4",
        "contentHash": "HDz/NdyIDNCfUx2JvInVbsr4F3f9a8jyXlnM5mbGV0caZv8Hr1ozyY9NOyltZtkomdk0TKXVN8YaxBWnfwMBLA==",
        "dependencies": {
          "HotChocolate.Execution.Abstractions": "16.6.4",
          "HotChocolate.Fusion.Language": "16.6.4",
          "HotChocolate.Language": "16.6.4",
          "HotChocolate.Types.Abstractions": "16.6.4"
        }
      },
      "HotChocolate.Language": {
        "type": "Transitive",
        "resolved": "16.6.4",
        "contentHash": "oLEo6gvXVcKN/sDOSKxB0pFYBId1OSdKB+yxVRzg88M3q8N2uq89Q0P7fnpwUuiobay511gvXXihYaBxNt3xVA==",
        "dependencies": {
          "HotChocolate.Language.SyntaxTree": "16.6.4",
          "HotChocolate.Language.Utf8": "16.6.4",
          "HotChocolate.Language.Visitors": "16.6.4",
          "HotChocolate.Language.Web": "16.6.4"
        }
      },
      "HotChocolate.Language.SyntaxTree": {
        "type": "Transitive",
        "resolved": "16.6.4",
        "contentHash": "BDsJMdv6LjYEfGVQiAVhSf50xbAIrigoZUzjUoncbXGXzrfAJaVsGkZs6mR1z0UcTWrlSNoFRosxbtY07iPnCg==",
        "dependencies": {
          "HotChocolate.Utilities.Buffers": "16.6.4"
        }
      },
      "HotChocolate.Language.Utf8": {
        "type": "Transitive",
        "resolved": "16.6.4",
        "contentHash": "Ria0zRrpy4nXVvuczx14Vbe+8jdVPPryUlKjfUVUZCmU9Ntif/XhaFmVYo3HtS+FVkFHSRA1o0DeTXEoDnzX9Q==",
        "dependencies": {
          "HotChocolate.Language.SyntaxTree": "16.6.4",
          "HotChocolate.Language.Utf8.SyntaxTree": "16.6.4",
          "HotChocolate.Utilities.Buffers": "16.6.4"
        }
      },
      "HotChocolate.Language.Utf8.SyntaxTree": {
        "type": "Transitive",
        "resolved": "16.6.4",
        "contentHash": "2nnk9e2GT4N8HlVXvtYYOEJysPUiZMQnjtSnLSltW9YC1VW/E4IGnxxJ2Gt7Mj+4yUSlQ+61DnzOD+UtSF09Kg==",
        "dependencies": {
          "HotChocolate.Language.SyntaxTree": "16.6.4",
          "HotChocolate.Utilities.Buffers": "16.6.4"
        }
      },
      "HotChocolate.Language.Visitors": {
        "type": "Transitive",
        "resolved": "16.6.4",
        "contentHash": "MWHB8709Ho2bQkIXuzTGKw91L9z675poWJ1lg6BGmdg3/ZnfsXGAv8cdP/cA4UzB1rOtYJTqrh2YP7xywHvwCQ==",
        "dependencies": {
          "HotChocolate.Language.SyntaxTree": "16.6.4"
        }
      },
      "HotChocolate.Language.Web": {
        "type": "Transitive",
        "resolved": "16.6.4",
        "contentHash": "7GWlN019RYlbGJ88j9gw34exwD562PsiJ49zs8RALAzJnmC000KgH5vHikUbPVU5eeO8nUunyCEQafdgypY68A==",
        "dependencies": {
          "HotChocolate.Language.Utf8": "16.6.4",
          "HotChocolate.Language.Visitors": "16.6.4"
        }
      },
      "HotChocolate.PersistedOperations.Abstractions": {
        "type": "Transitive",
        "resolved": "16.6.4",
        "contentHash": "oUpPCiwIfrlk7Cswh+c9J+iRnmNIbRlA7EmGeL/nOR93xSMiCd9zgrkAtBggP4SdyESY9dD628lQZb8AkqXZdw==",
        "dependencies": {
          "HotChocolate.Execution.Abstractions": "16.6.4"
        }
      },
      "HotChocolate.PersistedOperations.Pipeline": {
        "type": "Transitive",
        "resolved": "16.6.4",
        "contentHash": "h1VeBRoKQVg5BZnhLHwUHhGApOa8Rk31s64PNG1darAqUnX9v8ZNd/oiv+cQ6CabraQHmbvvvR2DfE/XGsygcA==",
        "dependencies": {
          "HotChocolate.PersistedOperations.Abstractions": "16.6.4"
        }
      },
      "HotChocolate.Primitives": {
        "type": "Transitive",
        "resolved": "16.6.4",
        "contentHash": "u4FkIs8tKYWJ3I0vTEDPXaPhy4zfhFNZNWqef3tRPGpnQe1rg+7FdM+V1bNs6j94ucY8fX5DTNDJy9OGVe4e3g==",
        "dependencies": {
          "HotChocolate.Language": "16.6.4"
        }
      },
      "HotChocolate.Subscriptions": {
        "type": "Transitive",
        "resolved": "16.6.2",
        "contentHash": "ce1tM4QzmKPnw0grEvFK06NQamCT9pc/5OPmmxfPCwvfiGmaQGr077ypAoT+VgLYbAn1TPWt2TPNZ3/RQ0vpUQ==",
        "dependencies": {
          "HotChocolate.Abstractions": "16.6.2",
          "HotChocolate.Execution.Configuration.Abstractions": "16.6.2",
          "HotChocolate.Utilities": "16.6.2"
        }
      },
      "HotChocolate.Subscriptions.InMemory": {
        "type": "Transitive",
        "resolved": "16.6.2",
        "contentHash": "NBzBEZWB7w0KxrVd3RlSYck4YDTTRWWXTzEkLeaMYYEWU7lz+Aw9DkmjGYy1NAjZzp6vUwogBdBxxny19zQCWg==",
        "dependencies": {
          "HotChocolate.Execution.Configuration.Abstractions": "16.6.2",
          "HotChocolate.Subscriptions": "16.6.2"
        }
      },
      "HotChocolate.Text.Json": {
        "type": "Transitive",
        "resolved": "16.6.4",
        "contentHash": "sBxtzPsvDjsw9V9VKy/NomlPE1ruprKHU5iTuHJUZ2i20Ihvq4ouxff0O7yCD1iA32NCaLNL3zvNJagZNV/nTQ=="
      },
      "HotChocolate.Transport.Formatters": {
        "type": "Transitive",
        "resolved": "16.6.4",
        "contentHash": "fl16wIiX4FAbSs2TSUM7yorg3awV2cUDNBMN9LU/mPcEN9yzgNN7FsIKQdl1TiqiXSAz5/ihVtBqLJBliws8uw==",
        "dependencies": {
          "HotChocolate.Execution.Abstractions": "16.6.4",
          "HotChocolate.Utilities.Buffers": "16.6.4",
          "HotChocolate.Utilities.Tasks": "16.6.4"
        }
      },
      "HotChocolate.Transport.Sockets": {
        "type": "Transitive",
        "resolved": "16.6.2",
        "contentHash": "Q471nFFQNmtDyiMQcK4KH8edE4pI+yKZrFGw78OGnwQK8OTmYrkw2/Z5Pq0Pge2rS70RQZes8z3y9ulrs08OTQ=="
      },
      "HotChocolate.Types": {
        "type": "Transitive",
        "resolved": "16.6.4",
        "contentHash": "UEpl+u8WuvQOK1vdlq+2uucLPQpuNXbzt27ij8xcEwOfZAimYC8dGep4MIb1ItdNk2X7PaOegGPQXWoh+oxSiQ==",
        "dependencies": {
          "GreenDonut": "16.6.4",
          "GreenDonut.Data.Primitives": "16.6.4",
          "HotChocolate.Abstractions": "16.6.4",
          "HotChocolate.Caching.Memory": "16.6.4",
          "HotChocolate.Execution.Abstractions": "16.6.4",
          "HotChocolate.Execution.Configuration.Abstractions": "16.6.4",
          "HotChocolate.Execution.Operation.Abstractions": "16.6.4",
          "HotChocolate.Execution.Pipeline": "16.6.4",
          "HotChocolate.Features": "16.6.4",
          "HotChocolate.Fusion.Language": "16.6.4",
          "HotChocolate.Fusion.Utilities": "16.6.4",
          "HotChocolate.PersistedOperations.Abstractions": "16.6.4",
          "HotChocolate.PersistedOperations.Pipeline": "16.6.4",
          "HotChocolate.Text.Json": "16.6.4",
          "HotChocolate.Transport.Formatters": "16.6.4",
          "HotChocolate.Types.Abstractions": "16.6.4",
          "HotChocolate.Utilities": "16.6.4",
          "HotChocolate.Utilities.Base36": "16.6.4",
          "HotChocolate.Utilities.DependencyInjection": "16.6.4"
        }
      },
      "HotChocolate.Types.Abstractions": {
        "type": "Transitive",
        "resolved": "16.6.4",
        "contentHash": "KrftIDiSImZmhQv+Johy6cGOzIKizZS4TbsJwzlSINrUtj/L8G7RVvFaUTl/iYXYIdganPopITsSCu+fs3UIVA==",
        "dependencies": {
          "HotChocolate.Features": "16.6.4",
          "HotChocolate.Primitives": "16.6.4"
        }
      },
      "HotChocolate.Types.CursorPagination": {
        "type": "Transitive",
        "resolved": "16.6.4",
        "contentHash": "hNoVzFKkZGzTofL0nPtMeqFpv6+zy2jqY9Ef3vnJuzSwCjD08g4SJNt947ViksDoqMUVPtH3xjZMiOS2vN9Z6w==",
        "dependencies": {
          "HotChocolate.Execution.Configuration.Abstractions": "16.6.4",
          "HotChocolate.Types": "16.6.4"
        }
      },
      "HotChocolate.Types.CursorPagination.Extensions": {
        "type": "Transitive",
        "resolved": "16.6.4",
        "contentHash": "uaWfK7+/WpYF/zOoeLF+QutSVHP3hQEW+MKHRc76Fg4tuhDxSw6c7rW3wEbOys7W1kAgnKfeVWtYkQCj4ifBBg==",
        "dependencies": {
          "GreenDonut.Data": "16.6.4",
          "HotChocolate.Types.CursorPagination": "16.6.4"
        }
      },
      "HotChocolate.Types.Errors": {
        "type": "Transitive",
        "resolved": "16.6.2",
        "contentHash": "UZsiWrOUQ7Sk0zHQP6ZSq5sWdfS1EqMoRD4EPGA9dOmLQCiJjlmtTazsTc08+c9ffGWboYyhC1YEsR1td3WkEw==",
        "dependencies": {
          "HotChocolate.Types": "16.6.2"
        }
      },
      "HotChocolate.Types.Mutations": {
        "type": "Transitive",
        "resolved": "16.6.2",
        "contentHash": "zXs7pqiR61l7aRRh9YVHp4mRHWFCfymdZJom6uWEiBmuTZBbibLRIbO5E17yyCZ8KMBlTNktgoqL4RjQAy2vKQ==",
        "dependencies": {
          "HotChocolate.Types": "16.6.2",
          "HotChocolate.Types.Errors": "16.6.2"
        }
      },
      "HotChocolate.Types.Queries": {
        "type": "Transitive",
        "resolved": "16.6.2",
        "contentHash": "Z1X242v1Rxi/QEM2aiEpQNJu4vfalLLdihXMRP3aCKtMUfY0S7WueBzryc1AyWepmtTtNOnoyeUvkIe+M7tjTg==",
        "dependencies": {
          "HotChocolate.Types": "16.6.2",
          "HotChocolate.Types.Errors": "16.6.2"
        }
      },
      "HotChocolate.Types.Scalars.Upload": {
        "type": "Transitive",
        "resolved": "16.6.2",
        "contentHash": "mVZHhAzk08lE8f86pqP3MVX/XN2e1VsnNEzYNHq4STl1HAgtJb/uiI1UZTdOMzNci1UxBBfHTJQZPyUlCCX6Ng==",
        "dependencies": {
          "HotChocolate.Types": "16.6.2"
        }
      },
      "HotChocolate.Utilities": {
        "type": "Transitive",
        "resolved": "16.6.4",
        "contentHash": "8kg+EoA7eS0uIOR/06CzKcEaZprWAxecwUkHFS2cOys7uRkXaxjgVfzwz1wARkAXEHhaMhFEQvVjHghQGQodYA==",
        "dependencies": {
          "HotChocolate.Utilities.Buffers": "16.6.4",
          "HotChocolate.Utilities.Tasks": "16.6.4"
        }
      },
      "HotChocolate.Utilities.Base36": {
        "type": "Transitive",
        "resolved": "16.6.4",
        "contentHash": "i0zQoDkaSXR07627r1l7SQ0psF9zOa7CUsmR7vrSmwhBItYe2AVR6z4M58JDo1MoHR5Nt6Mp8Y0dgrOL6OM6zg=="
      },
      "HotChocolate.Utilities.Buffers": {
        "type": "Transitive",
        "resolved": "16.6.4",
        "contentHash": "oeadDwUfn3oF97oNwF3QD3gEoOPOxl/sKwFGKj9BXNwgQnm9ho4DRFZrY0v4Gk78sGEsSxzfK8YlUz7pl5aAXA=="
      },
      "HotChocolate.Utilities.DependencyInjection": {
        "type": "Transitive",
        "resolved": "16.6.4",
        "contentHash": "1mw7EmE6mF/Ui+LGW1cyVPm0Rvko+szyU5q3AsH5NmiT+9iEEReLm3h716nF9f4RsYGnuNdXuUt1+eE6tfs/AQ=="
      },
      "HotChocolate.Utilities.Tasks": {
        "type": "Transitive",
        "resolved": "16.6.4",
        "contentHash": "/zsN3ARuQe39QWMEMlaQCV4Td4kSa4Ppzh979YeXATB7S039QyDyExgtzsPw2gu0WamuH+hqPsGdo3hSRqqUIQ=="
      },
      "HotChocolate.Validation": {
        "type": "Transitive",
        "resolved": "16.6.4",
        "contentHash": "H104wO+jzcY8OhZE9QEKWs5NGtC4Kj04oJOsgJ+do3KI2go9fKNtrHKfJLFfuR6HaREn6SDqswYViiR4BGItSg==",
        "dependencies": {
          "HotChocolate.Execution.Abstractions": "16.6.4",
          "HotChocolate.Types.Abstractions": "16.6.4"
        }
      },
      "LanguageExt.Core": {
        "type": "Transitive",
        "resolved": "4.4.9",
        "contentHash": "K9VGWkThJkaomifa3zcmwysw1BaSqIZZPZc6trBnJN8u9mpmA/cMMwCWEa/v7bPv/+NnG6PbyIDB7HtxBX7yCQ==",
        "dependencies": {
          "Microsoft.Bcl.AsyncInterfaces": "7.0.0"
        }
      },
      "Microsoft.Bcl.AsyncInterfaces": {
        "type": "Transitive",
        "resolved": "7.0.0",
        "contentHash": "3aeMZ1N0lJoSyzqiP03hqemtb1BijhsJADdobn/4nsMJ8V1H+CrpuduUe4hlRdx+ikBQju1VGjMD1GJ3Sk05Eg=="
      },
      "Microsoft.Bcl.Cryptography": {
        "type": "Transitive",
        "resolved": "10.0.2",
        "contentHash": "LG9Yll3B5aNpxv0+D47g6LiOiKBIlodhcHdQwcYzo8VeexFLGqx5ymetmA2aBRyo9cCcWsQWrFsdbsr8LvmWDw=="
      },
      "Microsoft.EntityFrameworkCore.Abstractions": {
        "type": "Transitive",
        "resolved": "10.0.12",
        "contentHash": "kDrux7T6C3V/YYYe2LXr7x6AEsVyq5Y2YoTE9er1SwbDtap3z1g8RgxNh5eKQVyB4T+DKvBBJ4Ezd/VZzJQJZg=="
      },
      "Microsoft.EntityFrameworkCore.Analyzers": {
        "type": "Transitive",
        "resolved": "10.0.12",
        "contentHash": "Kd4o2oO1A6dfKxjz5LS16QyLtpCFTUiFWwmBABETAXRsSImBdRdWeKjSgbbRhAMiV3a3/nWr95ZtzClT4uaADQ=="
      },
      "Microsoft.EntityFrameworkCore.Relational": {
        "type": "Transitive",
        "resolved": "10.0.3",
        "contentHash": "Pmh60OK9neVr/M0FJwm9hlzm2bD4Kd65SID8E6SP5c90tExNgXwORrlEWl0oGU/ig9ifpNN4PSpIrnHNozlT5w==",
        "dependencies": {
          "Microsoft.EntityFrameworkCore": "10.0.3"
        }
      },
      "Microsoft.IdentityModel.Abstractions": {
        "type": "Transitive",
        "resolved": "8.19.2",
        "contentHash": "HJbo/lnSfNHUfphPRT910poQc4T2/9+8svFLvzuaYHGAOJ2Tu+oEDqpX0BVP3BJ4OuUM1kylEKyaiX2fCAK3Cw=="
      },
      "Microsoft.IdentityModel.JsonWebTokens": {
        "type": "Transitive",
        "resolved": "8.19.2",
        "contentHash": "ui3fuBT4fs8kdKfBthI4NzLYIBIneEVS8UrL1JVBzAn80UiKmngBBi0BEByE7n/9c+EElcfFlCMFFTqpkBSLNA==",
        "dependencies": {
          "Microsoft.IdentityModel.Tokens": "8.19.2"
        }
      },
      "Microsoft.IdentityModel.Logging": {
        "type": "Transitive",
        "resolved": "8.19.2",
        "contentHash": "r5YLDIxGOnkVJHrqXv/iD1FM1CgGrQOdriXuvuWvTPmKbnGANhEysq9XKmN6IHjf2a+9bAGEpnoRBsAQlvJU5w==",
        "dependencies": {
          "Microsoft.IdentityModel.Abstractions": "8.19.2"
        }
      },
      "Microsoft.IdentityModel.Protocols": {
        "type": "Transitive",
        "resolved": "8.19.2",
        "contentHash": "sGxSsSrZXNmca6D+jHH2rVRyo2nNRd/g4H9CFbPmLLq0xgoH1U0orLWE5minfijw7+zq49tBs7txenbfAErRoQ==",
        "dependencies": {
          "Microsoft.IdentityModel.Tokens": "8.19.2"
        }
      },
      "Microsoft.IdentityModel.Protocols.OpenIdConnect": {
        "type": "Transitive",
        "resolved": "8.19.2",
        "contentHash": "1XOcyY36cVymzE3qKdzKaUEZ4Pzt7ZpSa14JZoPPK1NLFUkQDs85TCqpV6XDo0YjFXj6nVK00AfOHppjghjhtw==",
        "dependencies": {
          "Microsoft.IdentityModel.Protocols": "8.19.2",
          "System.IdentityModel.Tokens.Jwt": "8.19.2"
        }
      },
      "Microsoft.IdentityModel.Tokens": {
        "type": "Transitive",
        "resolved": "8.19.2",
        "contentHash": "GtPC1S02uH1gOO4fQ+zRysIicKmEXaYFP8PIkdJYXqMyruYhopre4ozVHp0XiDSA0+GJvOZH9prxCPvgBMg4Ww==",
        "dependencies": {
          "Microsoft.Bcl.Cryptography": "10.0.2",
          "Microsoft.IdentityModel.Logging": "8.19.2"
        }
      },
      "Npgsql": {
        "type": "Transitive",
        "resolved": "10.0.3",
        "contentHash": "7nb5YzXuvWWJxB0J8DiyL3we+X4FOctZrt0fIBnucOIaIevFEEwGQVZKtiu9olXdlNAK1eNgqSral6r/jlhI4w=="
      },
      "System.IdentityModel.Tokens.Jwt": {
        "type": "Transitive",
        "resolved": "8.19.2",
        "contentHash": "gqhDC/icByKEutygpr+OFgAmjwTVowyzFjWB8K0q1ww8uFj5a1BQNL+QvijUl9uhq4p8OdDwcAIrjVC+eC9FVA==",
        "dependencies": {
          "Microsoft.IdentityModel.JsonWebTokens": "8.19.2",
          "Microsoft.IdentityModel.Tokens": "8.19.2"
        }
      },
      "System.IO.Hashing": {
        "type": "Transitive",
        "resolved": "8.0.0",
        "contentHash": "ne1843evDugl0md7Fjzy6QjJrzsjh46ZKbhf8GwBXb5f/gw97J4bxMs0NQKifDuThh/f0bZ0e62NPl1jzTuRqA=="
      },
      "Trax.Core": {
        "type": "Transitive",
        "resolved": "1.6.0",
        "contentHash": "B0jTB0jsxtaT7dDnYrbhWHd083RMMKzlCh6AX34wYcMQCKuL+N9nObPLrzZaF3YekAVVFn2+zyIocdN28mIqCA==",
        "dependencies": {
          "LanguageExt.Core": "4.4.9"
        }
      },
      "Yarp.ReverseProxy": {
        "type": "Transitive",
        "resolved": "2.3.0",
        "contentHash": "gxtkN3a+9biu9V9Zd5NaTO6VZWXAnS2mhQ0R/VXmSPoTuiQNZsakKikrKpDtKxrL5nUYzbRsHtl40WNq+ZBKKg==",
        "dependencies": {
          "System.IO.Hashing": "8.0.0"
        }
      },
      "trax.api": {
        "type": "Project",
        "dependencies": {
          "Trax.Effect": "[1.47.0, )",
          "Trax.Effect.Data": "[1.47.0, )",
          "Trax.Mediator": "[1.20.0, )",
          "Trax.Scheduler": "[1.31.0, )"
        }
      },
      "trax.api.auth": {
        "type": "Project",
        "dependencies": {
          "Trax.Mediator": "[1.20.0, )"
        }
      },
      "trax.api.auth.jwt": {
        "type": "Project",
        "dependencies": {
          "Microsoft.AspNetCore.Authentication.JwtBearer": "[10.0.12, )",
          "Trax.Api.Auth": "[1.99.99, )"
        }
      },
      "trax.api.graphql": {
        "type": "Project",
        "dependencies": {
          "HotChocolate.AspNetCore": "[16.6.2, )",
          "HotChocolate.AspNetCore.Authorization": "[16.6.2, )",
          "HotChocolate.CostAnalysis": "[16.6.4, )",
          "HotChocolate.Data": "[16.6.4, )",
          "HotChocolate.Data.EntityFramework": "[16.6.2, )",
          "HotChocolate.Execution.Projections": "[16.6.4, )",
          "Trax.Api": "[1.99.99, )",
          "Trax.Api.Auth": "[1.99.99, )",
          "Trax.Api.Auth.Jwt": "[1.99.99, )"
        }
      },
      "HotChocolate": {
        "type": "CentralTransitive",
        "requested": "[16.6.2, )",
        "resolved": "16.6.2",
        "contentHash": "gxnD8FlGPZ3NSaVF5fuP862HfXA1IUt0hErn3WQfl0/SYrfA0UA7fXErgJMUpV8eLtzE55IXmV3Q0qn/aSBBBw==",
        "dependencies": {
          "HotChocolate.Authorization": "16.6.2",
          "HotChocolate.CostAnalysis": "16.6.2",
          "HotChocolate.Execution.Projections": "16.6.2",
          "HotChocolate.Types": "16.6.2",
          "HotChocolate.Types.CursorPagination": "16.6.2",
          "HotChocolate.Types.CursorPagination.Extensions": "16.6.2",
          "HotChocolate.Types.Mutations": "16.6.2",
          "HotChocolate.Types.Queries": "16.6.2",
          "HotChocolate.Validation": "16.6.2"
        }
      },
      "HotChocolate.AspNetCore": {
        "type": "CentralTransitive",
        "requested": "[16.6.2, )",
        "resolved": "16.6.2",
        "contentHash": "ZY3YEXMJbgDqRVm6nLgf0RstxfEsgADfIPlARZYGCaGi3njn6wtYKpuqEpXbuMlN/B4n09dPuNEet6hrXuI9Zw==",
        "dependencies": {
          "ChilliCream.Nitro.App": "32.0.2",
          "HotChocolate": "16.6.2",
          "HotChocolate.AspNetCore.Pipeline": "16.6.2",
          "HotChocolate.Subscriptions.InMemory": "16.6.2",
          "HotChocolate.Transport.Formatters": "16.6.2",
          "HotChocolate.Transport.Sockets": "16.6.2",
          "HotChocolate.Types.Scalars.Upload": "16.6.2",
          "HotChocolate.Utilities.DependencyInjection": "16.6.2"
        }
      },
      "HotChocolate.AspNetCore.Authorization": {
        "type": "CentralTransitive",
        "requested": "[16.6.2, )",
        "resolved": "16.6.2",
        "contentHash": "z1eKcIj2sssB/SmOeHv7SSOcyVA4sNImUCcKZHRd+1oisPJMCMC/PFyGQdVVA0bHAAfzyMSBWOaWYxzPuXUleQ==",
        "dependencies": {
          "HotChocolate": "16.6.2"
        }
      },
      "HotChocolate.CostAnalysis": {
        "type": "CentralTransitive",
        "requested": "[16.6.4, )",
        "resolved": "16.6.4",
        "contentHash": "LcrorDRmMdWjRyCOxnYbqIuDB/qdP5oFXBw4gkgNdnjov0C7BGz5z0M074OvgdzsnqQYb7iDWcaPPtZq6zCVxA==",
        "dependencies": {
          "HotChocolate.Types": "16.6.4"
        }
      },
      "HotChocolate.Data": {
        "type": "CentralTransitive",
        "requested": "[16.6.4, )",
        "resolved": "16.6.4",
        "contentHash": "ruKaYosX4yTOAVeDEQfHFSjuIhmCeQpq3ritskH8i74wn8hKhPRsFA9iFPom3qpiZkCJxsCIPQZumGJGf6xpkQ==",
        "dependencies": {
          "GreenDonut.Data": "16.6.4",
          "GreenDonut.Data.Abstractions": "16.6.4",
          "GreenDonut.Data.Primitives": "16.6.4",
          "HotChocolate.Execution.Operation.Abstractions": "16.6.4",
          "HotChocolate.Execution.Projections": "16.6.4",
          "HotChocolate.Types": "16.6.4",
          "HotChocolate.Types.CursorPagination.Extensions": "16.6.4"
        }
      },
      "HotChocolate.Data.EntityFramework": {
        "type": "CentralTransitive",
        "requested": "[16.6.2, )",
        "resolved": "16.6.2",
        "contentHash": "qjkLk9bfpTjb9eMiIx1az3OtZcS6oEhdLQz5e2FiANJF20ay4MDtdT3DozzwU19Aa+57aiK+H8Gd9UlQmAzPgg==",
        "dependencies": {
          "GreenDonut.Data": "16.6.2",
          "GreenDonut.Data.Abstractions": "16.6.2",
          "GreenDonut.Data.EntityFramework": "16.6.2",
          "HotChocolate": "16.6.2",
          "HotChocolate.Data": "16.6.2",
          "Microsoft.EntityFrameworkCore": "10.0.0"
        }
      },
      "HotChocolate.Execution.Projections": {
        "type": "CentralTransitive",
        "requested": "[16.6.4, )",
        "resolved": "16.6.4",
        "contentHash": "9cqrsEdbY8JfKgLgRGvM3rBfrC7fvb6rl+kORlXVMOvxDTbL75vrvmKyTHC1HmlJdQ56wTUq33Y6ycEJdoCwNw==",
        "dependencies": {
          "GreenDonut.Data": "16.6.4",
          "GreenDonut.Data.Abstractions": "16.6.4",
          "GreenDonut.Data.Primitives": "16.6.4",
          "HotChocolate.Caching.Memory": "16.6.4",
          "HotChocolate.Execution.Configuration.Abstractions": "16.6.4",
          "HotChocolate.Types": "16.6.4"
        }
      },
      "Microsoft.AspNetCore.Authentication.JwtBearer": {
        "type": "CentralTransitive",
        "requested": "[10.0.12, )",
        "resolved": "10.0.12",
        "contentHash": "DeE+Bq2OqB3FikFkZk+7gFBeLOQhkSolejLrbi+a9zpfvXtW1Ff6Nd6DIvHXIm+pc4aM4+52vDy3jnuau0qoUQ==",
        "dependencies": {
          "Microsoft.IdentityModel.Protocols.OpenIdConnect": "8.19.2"
        }
      },
      "Microsoft.EntityFrameworkCore": {
        "type": "CentralTransitive",
        "requested": "[10.0.12, )",
        "resolved": "10.0.12",
        "contentHash": "e7OrVN8U5yr4kuwdTHWBHGVQIVsGfMkAr0Ej1/BnrS989Q0XBVANpIzNZ2bc1GvMZ0/XwMt5InTnmKskxGy99Q==",
        "dependencies": {
          "Microsoft.EntityFrameworkCore.Abstractions": "10.0.12",
          "Microsoft.EntityFrameworkCore.Analyzers": "10.0.12"
        }
      },
      "Trax.Effect": {
        "type": "CentralTransitive",
        "requested": "[1.47.0, )",
        "resolved": "1.47.0",
        "contentHash": "0M+Ydpjse1pLNzsnp5S/PuRKVDXDn+w58x8d/BqocghzjByq/RM1bGQGyneqa++tWPZZoQUjn5fGteZv1L0wOQ==",
        "dependencies": {
          "Trax.Core": "1.6.0"
        }
      },
      "Trax.Effect.Data": {
        "type": "CentralTransitive",
        "requested": "[1.47.0, )",
        "resolved": "1.47.0",
        "contentHash": "wX8lUqPrh3VfQgHHKqDS1pksRwHuSra/5FqTswnonyu1ZYxo9rpk0qHUER1IcXK3A2M8o8ErAGsi5+vY0Q5eFA==",
        "dependencies": {
          "Microsoft.EntityFrameworkCore": "10.0.3",
          "Microsoft.EntityFrameworkCore.Relational": "10.0.3",
          "Npgsql": "10.0.3",
          "Trax.Core": "1.6.0",
          "Trax.Effect": "1.47.0"
        }
      },
      "Trax.Mediator": {
        "type": "CentralTransitive",
        "requested": "[1.20.0, )",
        "resolved": "1.20.0",
        "contentHash": "++o5w7hEaf9SS+qyzvY2++kSECmUg1rvckCraFK+kVZ9eTYcgTJZ4jggtU/njDiZae64Fk34KE7LTS7THed/VA==",
        "dependencies": {
          "Trax.Effect": "1.41.0",
          "Trax.Effect.Data": "1.41.0"
        }
      },
      "Trax.Scheduler": {
        "type": "CentralTransitive",
        "requested": "[1.31.0, )",
        "resolved": "1.31.0",
        "contentHash": "7vCFKZJjsM6P/C0KmGNA71FictNdnSJnenMBLRgXsBueeeE3LE0cerLv+E5RZgdJLYtzwdHKz+qfohhiIZVTAA==",
        "dependencies": {
          "Cronos": "0.13.0",
          "Npgsql": "10.0.3",
          "Trax.Effect": "1.43.0",
          "Trax.Effect.Data": "1.43.0",
          "Trax.Mediator": "1.20.0"
        }
      }
    }
  }
}