{
  "version": 2,
  "dependencies": {
    "net10.0": {
      "DotNet.ReproducibleBuilds": {
        "type": "Direct",
        "requested": "[2.0.5, )",
        "resolved": "2.0.5",
        "contentHash": "8LrlvI1KpjjJ4VGSqZ16yoOCKlQnYS+Y8rYNifNrscmVh5anJcF9E4e0NiDP30BHBMUbkoJ5KdcxoRWM7Pz9Aw=="
      },
      "HotChocolate.AspNetCore": {
        "type": "Direct",
        "requested": "[16.6.2, )",
        "resolved": "16.6.2",
        "contentHash": "ZY3YEXMJbgDqRVm6nLgf0RstxfEsgADfIPlARZYGCaGi3njn6wtYKpuqEpXbuMlN/B4n09dPuNEet6hrXuI9Zw==",
        "dependencies": {
          "ChilliCream.Nitro.App": "32.0.2",
          "HotChocolate": "16.6.2",
          "HotChocolate.AspNetCore.Pipeline": "16.6.2",
          "HotChocolate.Subscriptions.InMemory": "16.6.2",
          "HotChocolate.Transport.Formatters": "16.6.2",
          "HotChocolate.Transport.Sockets": "16.6.2",
          "HotChocolate.Types.Scalars.Upload": "16.6.2",
          "HotChocolate.Utilities.DependencyInjection": "16.6.2"
        }
      },
      "HotChocolate.AspNetCore.Authorization": {
        "type": "Direct",
        "requested": "[16.6.2, )",
        "resolved": "16.6.2",
        "contentHash": "z1eKcIj2sssB/SmOeHv7SSOcyVA4sNImUCcKZHRd+1oisPJMCMC/PFyGQdVVA0bHAAfzyMSBWOaWYxzPuXUleQ==",
        "dependencies": {
          "HotChocolate": "16.6.2"
        }
      },
      "HotChocolate.CostAnalysis": {
        "type": "Direct",
        "requested": "[16.6.3, )",
        "resolved": "16.6.3",
        "contentHash": "fip4WwpEytNYqLFm0f14Uq2gf27/NgDFG5EIPsKQh7PYJKyZOopbUMyaX10guVj6/4dEKV+gVog+PbNivxBZag==",
        "dependencies": {
          "HotChocolate.Types": "16.6.3"
        }
      },
      "HotChocolate.Data": {
        "type": "Direct",
        "requested": "[16.6.3, )",
        "resolved": "16.6.3",
        "contentHash": "dEx85R2MhUla98VHM0ciI6qePFEZwWgsy2ZW9eXh4tzwKQffCVyx44TrtrmpozzMJcoOjOBsW5R03/tniPu9LQ==",
        "dependencies": {
          "GreenDonut.Data": "16.6.3",
          "GreenDonut.Data.Abstractions": "16.6.3",
          "GreenDonut.Data.Primitives": "16.6.3",
          "HotChocolate.Execution.Operation.Abstractions": "16.6.3",
          "HotChocolate.Execution.Projections": "16.6.3",
          "HotChocolate.Types": "16.6.3",
          "HotChocolate.Types.CursorPagination.Extensions": "16.6.3"
        }
      },
      "HotChocolate.Data.EntityFramework": {
        "type": "Direct",
        "requested": "[16.6.2, )",
        "resolved": "16.6.2",
        "contentHash": "qjkLk9bfpTjb9eMiIx1az3OtZcS6oEhdLQz5e2FiANJF20ay4MDtdT3DozzwU19Aa+57aiK+H8Gd9UlQmAzPgg==",
        "dependencies": {
          "GreenDonut.Data": "16.6.2",
          "GreenDonut.Data.Abstractions": "16.6.2",
          "GreenDonut.Data.EntityFramework": "16.6.2",
          "HotChocolate": "16.6.2",
          "HotChocolate.Data": "16.6.2",
          "Microsoft.EntityFrameworkCore": "10.0.0"
        }
      },
      "HotChocolate.Execution.Projections": {
        "type": "Direct",
        "requested": "[16.6.3, )",
        "resolved": "16.6.3",
        "contentHash": "P1Dc5YoVtJTUUUMfWWRW7I+0iO5eqK68KOJhvkEJzCFGoITBYGyePp3FqJDzAg23x69Q8BUAzBx/DILRpvGGTQ==",
        "dependencies": {
          "GreenDonut.Data": "16.6.3",
          "GreenDonut.Data.Abstractions": "16.6.3",
          "GreenDonut.Data.Primitives": "16.6.3",
          "HotChocolate.Caching.Memory": "16.6.3",
          "HotChocolate.Execution.Configuration.Abstractions": "16.6.3",
          "HotChocolate.Types": "16.6.3"
        }
      },
      "ChilliCream.Nitro.App": {
        "type": "Transitive",
        "resolved": "32.0.2",
        "contentHash": "wSD2dFFraVpIsQDiy31k1vkGWYAGdzNVXOhtOIujMt/ADAzfkEbJUsPyF4qoktFspepN4VrAN7DMS8QRqkEhTg==",
        "dependencies": {
          "Yarp.ReverseProxy": "2.3.0"
        }
      },
      "Cronos": {
        "type": "Transitive",
        "resolved": "0.13.0",
        "contentHash": "Nkve+Yi0+ol3ntSBRHeW0ka9cJQ8vndSUvvkXqF9LVqwpoqWueyxu/HS275r98RDOmF7/mzRnZW5XXUBXob+TA=="
      },
      "GreenDonut": {
        "type": "Transitive",
        "resolved": "16.6.3",
        "contentHash": "7cI8W1dQGVSBFEnVylK2Pur89i8GC2Tll6XDog9HjRzYoEKB3LwMitJsQv6fm7nXhZ5RCdYbaQpxbPLLIvsJpg==",
        "dependencies": {
          "GreenDonut.Abstractions": "16.6.3"
        }
      },
      "GreenDonut.Abstractions": {
        "type": "Transitive",
        "resolved": "16.6.3",
        "contentHash": "cySrQKaJB08KXymr5la2m7lOD2r57uUIPKr1rLpILF5tp1CxVScpyNrmJLcU5nAtS3FsMzCfNl53JnX9lNmFOQ=="
      },
      "GreenDonut.Data": {
        "type": "Transitive",
        "resolved": "16.6.3",
        "contentHash": "jHZP1x9hhXBdFqPqFqxyHLFbOQGdIy110ThU8/b0bBnM+Xrrhu7lCqJLOg6fMWHERp/uH6Q8OfDS+RNzhg4WNg==",
        "dependencies": {
          "GreenDonut": "16.6.3",
          "GreenDonut.Data.Abstractions": "16.6.3"
        }
      },
      "GreenDonut.Data.Abstractions": {
        "type": "Transitive",
        "resolved": "16.6.3",
        "contentHash": "q56EGEgJa4NlzVSX+uK9xf1qYEbPOe9ewsNBmgBK5tGBRtfvV5RUIdnpUQ4iW46eqfaXFLcFEBHqEJh/SVH1GQ==",
        "dependencies": {
          "GreenDonut.Abstractions": "16.6.3",
          "GreenDonut.Data.Primitives": "16.6.3"
        }
      },
      "GreenDonut.Data.EntityFramework": {
        "type": "Transitive",
        "resolved": "16.6.2",
        "contentHash": "8SabG5hkQYWV5mW7bHp3WkeCG2kmGb8SjddUbHkJEpnzElZ+rNzzkUiIft7kCZL5Ap3GYKJKogjejwPosoQUPA==",
        "dependencies": {
          "GreenDonut.Data": "16.6.2",
          "Microsoft.EntityFrameworkCore": "10.0.0"
        }
      },
      "GreenDonut.Data.Primitives": {
        "type": "Transitive",
        "resolved": "16.6.3",
        "contentHash": "cbij54ZdNcZyj+ahH+x4SIZsiU3zxAS9nD8tc28XbozDxgAu1DW2MHpX7NmG9t4E7jDCZkZUddWy+p80UesPeQ=="
      },
      "HotChocolate.Abstractions": {
        "type": "Transitive",
        "resolved": "16.6.3",
        "contentHash": "cnZYrdetpVqr3Ym/i8ZyB/FW4qxF46rQkl4gSwhwV73H6KX4S2k6vU+DgYcLYEsGWhC73nTgxuu0oMf1AeLe8Q==",
        "dependencies": {
          "HotChocolate.Execution.Abstractions": "16.6.3",
          "HotChocolate.Language": "16.6.3",
          "HotChocolate.Primitives": "16.6.3"
        }
      },
      "HotChocolate.AspNetCore.Pipeline": {
        "type": "Transitive",
        "resolved": "16.6.2",
        "contentHash": "eiO93vtPY2Gxmd8S/oVlUvDF2+11cunweC7K6RZSY7jupmjBr8YiofvwdL/Pe/4TP2Mbemwfo1+cBZSdT/bVpA==",
        "dependencies": {
          "ChilliCream.Nitro.App": "32.0.2",
          "HotChocolate.Caching.Memory": "16.6.2",
          "HotChocolate.PersistedOperations.Abstractions": "16.6.2",
          "HotChocolate.Transport.Formatters": "16.6.2",
          "HotChocolate.Transport.Sockets": "16.6.2"
        }
      },
      "HotChocolate.Authorization": {
        "type": "Transitive",
        "resolved": "16.6.2",
        "contentHash": "7owE7r0MpddA+tOtpwCfaRqp5nxF2jWP+lhzdvzSMxKzO4Of74UQo2pwzl136Sv6SKME1Ln6ywJjMrSns1PiNg==",
        "dependencies": {
          "HotChocolate.Types": "16.6.2"
        }
      },
      "HotChocolate.Caching.Memory": {
        "type": "Transitive",
        "resolved": "16.6.3",
        "contentHash": "sDQhN2I64/7uh4VrSfEmrvFwJjG5FZL890H79SSTY/zluVp8ENkuwJG6F8uMLiESXWnc+dfZQmNJUhEdvV9gzA=="
      },
      "HotChocolate.Execution.Abstractions": {
        "type": "Transitive",
        "resolved": "16.6.3",
        "contentHash": "dKshLwWO+WYkRFwTPQuAE+BGCnHa899NpeL+2QtbkT1lUDKPtNYtJiYYmT2Iu4CrTMg+jY2TpjnSjdsTWBRkpQ==",
        "dependencies": {
          "HotChocolate.Features": "16.6.3",
          "HotChocolate.Language.SyntaxTree": "16.6.3",
          "HotChocolate.Language.Web": "16.6.3",
          "HotChocolate.Primitives": "16.6.3",
          "HotChocolate.Text.Json": "16.6.3",
          "HotChocolate.Types.Abstractions": "16.6.3",
          "HotChocolate.Utilities.Buffers": "16.6.3",
          "HotChocolate.Utilities.Tasks": "16.6.3"
        }
      },
      "HotChocolate.Execution.Configuration.Abstractions": {
        "type": "Transitive",
        "resolved": "16.6.3",
        "contentHash": "wEu8HrkoVculeM540n9oUbyqREWJHBnmylIvVqQLa+y5r0bwOTA7wI1O5tZPh5y5oYiPyB7KvjSUX4kxAjVA3Q==",
        "dependencies": {
          "HotChocolate.Abstractions": "16.6.3"
        }
      },
      "HotChocolate.Execution.Operation.Abstractions": {
        "type": "Transitive",
        "resolved": "16.6.3",
        "contentHash": "BobTwCEpZ6yaztAHSNkBEIlFbCtlvToLjL78pt0LcQVNzljM8ay1QnndoG6L3kbu+tswEAOFAFqZtVl87Zfsdw==",
        "dependencies": {
          "HotChocolate.Features": "16.6.3",
          "HotChocolate.Types.Abstractions": "16.6.3"
        }
      },
      "HotChocolate.Execution.Pipeline": {
        "type": "Transitive",
        "resolved": "16.6.3",
        "contentHash": "sIkgxCPtLJYOqd4WW0e59HQKk1av3ZRX1f7wjkwoe4ZFt/qmTUuQTIwKI7z3/eFP2rW9NMKb+BedM+cKCbzbyQ==",
        "dependencies": {
          "HotChocolate.Execution.Abstractions": "16.6.3",
          "HotChocolate.Validation": "16.6.3"
        }
      },
      "HotChocolate.Features": {
        "type": "Transitive",
        "resolved": "16.6.3",
        "contentHash": "mVbvDSDJE8JpVJjmDaf+d+ijWy6wdOY66GVDumDtZshPCli2nJYdYdlya7LovjC3+VQq+7ALavcOAo7WiWn0LQ=="
      },
      "HotChocolate.Fusion.Language": {
        "type": "Transitive",
        "resolved": "16.6.3",
        "contentHash": "n1g/rKQINnrsrJ3cNmg56CitPKOo+OaAZFn/J6lZ1jLlKQh+7ZKZWY6s3/gqxQNZedmEpPFG3l8qwak1zRBoYw=="
      },
      "HotChocolate.Fusion.Utilities": {
        "type": "Transitive",
        "resolved": "16.6.3",
        "contentHash": "6ackEjzTvKqcNVwo9bI4IwYVHO4dHOfRajKN0CN9068Pff6wR/kvX6uSboTsPN6ekMbtD0jrDlDRF/TO2pLDXQ==",
        "dependencies": {
          "HotChocolate.Execution.Abstractions": "16.6.3",
          "HotChocolate.Fusion.Language": "16.6.3",
          "HotChocolate.Language": "16.6.3",
          "HotChocolate.Types.Abstractions": "16.6.3"
        }
      },
      "HotChocolate.Language": {
        "type": "Transitive",
        "resolved": "16.6.3",
        "contentHash": "HHlX7Vcub19RTgNgqQpe6n+07pLqMy/3xOaE1TcVo+62GWjmENdy1XR7JSWyu+0vA7JkKsS/egcSARkYVpd6oA==",
        "dependencies": {
          "HotChocolate.Language.SyntaxTree": "16.6.3",
          "HotChocolate.Language.Utf8": "16.6.3",
          "HotChocolate.Language.Visitors": "16.6.3",
          "HotChocolate.Language.Web": "16.6.3"
        }
      },
      "HotChocolate.Language.SyntaxTree": {
        "type": "Transitive",
        "resolved": "16.6.3",
        "contentHash": "Eryju5gLC410QacBAlpsMlHHPsxyB0wARHVSSgBltL1WxrvAhxQwwHwSC9aiZ5R1tqGXdGXKdgrXI+ep7i+j6w==",
        "dependencies": {
          "HotChocolate.Utilities.Buffers": "16.6.3"
        }
      },
      "HotChocolate.Language.Utf8": {
        "type": "Transitive",
        "resolved": "16.6.3",
        "contentHash": "NfSwwYyRpTFDVGQErKi/q9m8eh1f9n2HizL/KirChWNTPzAQdTeNEHKP9Bb4HB/XcLX/MlFbG1NfSG/FGYDD0A==",
        "dependencies": {
          "HotChocolate.Language.SyntaxTree": "16.6.3",
          "HotChocolate.Language.Utf8.SyntaxTree": "16.6.3",
          "HotChocolate.Utilities.Buffers": "16.6.3"
        }
      },
      "HotChocolate.Language.Utf8.SyntaxTree": {
        "type": "Transitive",
        "resolved": "16.6.3",
        "contentHash": "9AiOSLpEZrKer8Q2i9frZm0woPbqGpZnnGfOXyE4R4CvwxCFMEZHp8yHynzFwj60LNlHdT6BicNIZbaJmY6tpA==",
        "dependencies": {
          "HotChocolate.Language.SyntaxTree": "16.6.3",
          "HotChocolate.Utilities.Buffers": "16.6.3"
        }
      },
      "HotChocolate.Language.Visitors": {
        "type": "Transitive",
        "resolved": "16.6.3",
        "contentHash": "lei8PsdXbd/+/c9/pU3FA/ipxZAQBbzR9yz/mvQMoMSHCVMNrnDn624TZKYs075ESRI+IfARQQyjXR/3X8LYbQ==",
        "dependencies": {
          "HotChocolate.Language.SyntaxTree": "16.6.3"
        }
      },
      "HotChocolate.Language.Web": {
        "type": "Transitive",
        "resolved": "16.6.3",
        "contentHash": "BYqLHs1rKhSH3l1us1yXQWF4e6ilaJR60muycI9j53ZEKAKAIKpW58HcwvX7Y2Un8q1SemDHXs7PcvGkynzvKw==",
        "dependencies": {
          "HotChocolate.Language.Utf8": "16.6.3",
          "HotChocolate.Language.Visitors": "16.6.3"
        }
      },
      "HotChocolate.PersistedOperations.Abstractions": {
        "type": "Transitive",
        "resolved": "16.6.3",
        "contentHash": "EyASyk/GJertE2TW+vN1hxgtdyWhZ4HroZwvD9K1AQJ7Ia1UsmXgaGJ2a/tcJJCg9LwovYsGLfU5G9TTps+DJQ==",
        "dependencies": {
          "HotChocolate.Execution.Abstractions": "16.6.3"
        }
      },
      "HotChocolate.PersistedOperations.Pipeline": {
        "type": "Transitive",
        "resolved": "16.6.3",
        "contentHash": "55mWDDXDY/YmlrWTLl0bYnTwxmxVYKiOOwkb6GU21RXJ2M906ZUvwQjHvL5lAs1uYR8QeH/+z3IBMi9mhMpoDw==",
        "dependencies": {
          "HotChocolate.PersistedOperations.Abstractions": "16.6.3"
        }
      },
      "HotChocolate.Primitives": {
        "type": "Transitive",
        "resolved": "16.6.3",
        "contentHash": "+mV1Koa4EPvFym0QBLug8u8sMbXP6VS0HRrcl179BogeeBqSCJ6Idd7dSTTb9j1uPjunhfdIbmcwIsh4f/yTHA==",
        "dependencies": {
          "HotChocolate.Language": "16.6.3"
        }
      },
      "HotChocolate.Subscriptions": {
        "type": "Transitive",
        "resolved": "16.6.2",
        "contentHash": "ce1tM4QzmKPnw0grEvFK06NQamCT9pc/5OPmmxfPCwvfiGmaQGr077ypAoT+VgLYbAn1TPWt2TPNZ3/RQ0vpUQ==",
        "dependencies": {
          "HotChocolate.Abstractions": "16.6.2",
          "HotChocolate.Execution.Configuration.Abstractions": "16.6.2",
          "HotChocolate.Utilities": "16.6.2"
        }
      },
      "HotChocolate.Subscriptions.InMemory": {
        "type": "Transitive",
        "resolved": "16.6.2",
        "contentHash": "NBzBEZWB7w0KxrVd3RlSYck4YDTTRWWXTzEkLeaMYYEWU7lz+Aw9DkmjGYy1NAjZzp6vUwogBdBxxny19zQCWg==",
        "dependencies": {
          "HotChocolate.Execution.Configuration.Abstractions": "16.6.2",
          "HotChocolate.Subscriptions": "16.6.2"
        }
      },
      "HotChocolate.Text.Json": {
        "type": "Transitive",
        "resolved": "16.6.3",
        "contentHash": "qzNyclHJ/ZRNkNaiwY3PCKOtiPS3ozv/6mc6mbfA/tCP8Vc3Rt0GhdQ7w3N/Dk8YUuaEdcPFBckmqQRdcc0bWQ=="
      },
      "HotChocolate.Transport.Formatters": {
        "type": "Transitive",
        "resolved": "16.6.3",
        "contentHash": "oCRK1F9+YbUlTIBUhteQXIDFOL8fP1I6aiAdann09T80rD0D55kRd+TaisHcAJEtl6L60OBeltvk9wYhmXjzEw==",
        "dependencies": {
          "HotChocolate.Execution.Abstractions": "16.6.3",
          "HotChocolate.Utilities.Buffers": "16.6.3",
          "HotChocolate.Utilities.Tasks": "16.6.3"
        }
      },
      "HotChocolate.Transport.Sockets": {
        "type": "Transitive",
        "resolved": "16.6.2",
        "contentHash": "Q471nFFQNmtDyiMQcK4KH8edE4pI+yKZrFGw78OGnwQK8OTmYrkw2/Z5Pq0Pge2rS70RQZes8z3y9ulrs08OTQ=="
      },
      "HotChocolate.Types": {
        "type": "Transitive",
        "resolved": "16.6.3",
        "contentHash": "NMA32SeCdirh8DMo9ZIl7N+P4owcfTjsixZEfEuNqnRh7ZWStH21BQSSHvhOefUoYx5oxpedB263jB9aOEwLrw==",
        "dependencies": {
          "GreenDonut": "16.6.3",
          "GreenDonut.Data.Primitives": "16.6.3",
          "HotChocolate.Abstractions": "16.6.3",
          "HotChocolate.Caching.Memory": "16.6.3",
          "HotChocolate.Execution.Abstractions": "16.6.3",
          "HotChocolate.Execution.Configuration.Abstractions": "16.6.3",
          "HotChocolate.Execution.Operation.Abstractions": "16.6.3",
          "HotChocolate.Execution.Pipeline": "16.6.3",
          "HotChocolate.Features": "16.6.3",
          "HotChocolate.Fusion.Language": "16.6.3",
          "HotChocolate.Fusion.Utilities": "16.6.3",
          "HotChocolate.PersistedOperations.Abstractions": "16.6.3",
          "HotChocolate.PersistedOperations.Pipeline": "16.6.3",
          "HotChocolate.Text.Json": "16.6.3",
          "HotChocolate.Transport.Formatters": "16.6.3",
          "HotChocolate.Types.Abstractions": "16.6.3",
          "HotChocolate.Utilities": "16.6.3",
          "HotChocolate.Utilities.Base36": "16.6.3",
          "HotChocolate.Utilities.DependencyInjection": "16.6.3"
        }
      },
      "HotChocolate.Types.Abstractions": {
        "type": "Transitive",
        "resolved": "16.6.3",
        "contentHash": "JlMa+MBq/qvxpYok1dR4uKxXL/LM2+txNTTNGhm5l4y+438IgQ8FXPd2lfqQlglsif2nFi0Qx5K7Mqdu70fL+g==",
        "dependencies": {
          "HotChocolate.Features": "16.6.3",
          "HotChocolate.Primitives": "16.6.3"
        }
      },
      "HotChocolate.Types.CursorPagination": {
        "type": "Transitive",
        "resolved": "16.6.3",
        "contentHash": "4MltCrmEYf04LL8rG8C/d9uTiszWrwUBZtkYB1otqf9Qy20AnG5AoW/mY1dqDQMEGdn0m9IQ2P/SKgWLvmXTPg==",
        "dependencies": {
          "HotChocolate.Execution.Configuration.Abstractions": "16.6.3",
          "HotChocolate.Types": "16.6.3"
        }
      },
      "HotChocolate.Types.CursorPagination.Extensions": {
        "type": "Transitive",
        "resolved": "16.6.3",
        "contentHash": "wHU1PQr6nZbMFjAoEL4UtDw1VwvTcDpieT6G9jJQFI945g6jVVOMLPz/hJMML2a9UKi6L3ziO1pd8MaVbQJ7HA==",
        "dependencies": {
          "GreenDonut.Data": "16.6.3",
          "HotChocolate.Types.CursorPagination": "16.6.3"
        }
      },
      "HotChocolate.Types.Errors": {
        "type": "Transitive",
        "resolved": "16.6.2",
        "contentHash": "UZsiWrOUQ7Sk0zHQP6ZSq5sWdfS1EqMoRD4EPGA9dOmLQCiJjlmtTazsTc08+c9ffGWboYyhC1YEsR1td3WkEw==",
        "dependencies": {
          "HotChocolate.Types": "16.6.2"
        }
      },
      "HotChocolate.Types.Mutations": {
        "type": "Transitive",
        "resolved": "16.6.2",
        "contentHash": "zXs7pqiR61l7aRRh9YVHp4mRHWFCfymdZJom6uWEiBmuTZBbibLRIbO5E17yyCZ8KMBlTNktgoqL4RjQAy2vKQ==",
        "dependencies": {
          "HotChocolate.Types": "16.6.2",
          "HotChocolate.Types.Errors": "16.6.2"
        }
      },
      "HotChocolate.Types.Queries": {
        "type": "Transitive",
        "resolved": "16.6.2",
        "contentHash": "Z1X242v1Rxi/QEM2aiEpQNJu4vfalLLdihXMRP3aCKtMUfY0S7WueBzryc1AyWepmtTtNOnoyeUvkIe+M7tjTg==",
        "dependencies": {
          "HotChocolate.Types": "16.6.2",
          "HotChocolate.Types.Errors": "16.6.2"
        }
      },
      "HotChocolate.Types.Scalars.Upload": {
        "type": "Transitive",
        "resolved": "16.6.2",
        "contentHash": "mVZHhAzk08lE8f86pqP3MVX/XN2e1VsnNEzYNHq4STl1HAgtJb/uiI1UZTdOMzNci1UxBBfHTJQZPyUlCCX6Ng==",
        "dependencies": {
          "HotChocolate.Types": "16.6.2"
        }
      },
      "HotChocolate.Utilities": {
        "type": "Transitive",
        "resolved": "16.6.3",
        "contentHash": "fCipf8RDtqMjNqM7diKGuQXKU/vdTcpw59pb1wOZXs/LCLQJGgV+KP7NX8CsUTMU+OWnfCsHNmiHA7NCt958fw==",
        "dependencies": {
          "HotChocolate.Utilities.Buffers": "16.6.3",
          "HotChocolate.Utilities.Tasks": "16.6.3"
        }
      },
      "HotChocolate.Utilities.Base36": {
        "type": "Transitive",
        "resolved": "16.6.3",
        "contentHash": "JSss1BA9dRQZ1nrPVES+JkHC14u9/aDjkVFUN1a/ezQbVaB53w5xb4pu9Mby1i1dJ2LOzhBieDCPGx0ULVlh4Q=="
      },
      "HotChocolate.Utilities.Buffers": {
        "type": "Transitive",
        "resolved": "16.6.3",
        "contentHash": "hdiLmD2ZV+yYqqFxz6qoupXcVyMbgNADS2PRkytIiQnpvO3cQN9DGCSagfkKGY7ZhQP5vkWjjjOnicc+rXFXmA=="
      },
      "HotChocolate.Utilities.DependencyInjection": {
        "type": "Transitive",
        "resolved": "16.6.3",
        "contentHash": "/GEarS6WaGzl3yqvQ3//eSsc5DL7Kr5/pFkCk75aiug+V+JCKqWb9/mS8a0lFP+nVldfB9q/QZ0BygVDrBxQwA=="
      },
      "HotChocolate.Utilities.Tasks": {
        "type": "Transitive",
        "resolved": "16.6.3",
        "contentHash": "aFBwUCQrjm6EqLDjf1o0NrfFOc0IYA0cfYCOZg0/0YiaOjZy9zKFp7NIO1thM9NThvDBnl535wfw+pTwqpsr2g=="
      },
      "HotChocolate.Validation": {
        "type": "Transitive",
        "resolved": "16.6.3",
        "contentHash": "e+zdD3uppzD6pDMUgBooiiZx8R4xW1OvHNNzEi6ueNdwlgXSR3nh/7cuCqK4reTsOu3ZmHGzhTJ2p7T+K38lPQ==",
        "dependencies": {
          "HotChocolate.Execution.Abstractions": "16.6.3",
          "HotChocolate.Types.Abstractions": "16.6.3"
        }
      },
      "LanguageExt.Core": {
        "type": "Transitive",
        "resolved": "4.4.9",
        "contentHash": "K9VGWkThJkaomifa3zcmwysw1BaSqIZZPZc6trBnJN8u9mpmA/cMMwCWEa/v7bPv/+NnG6PbyIDB7HtxBX7yCQ==",
        "dependencies": {
          "Microsoft.Bcl.AsyncInterfaces": "7.0.0"
        }
      },
      "Microsoft.Bcl.AsyncInterfaces": {
        "type": "Transitive",
        "resolved": "7.0.0",
        "contentHash": "3aeMZ1N0lJoSyzqiP03hqemtb1BijhsJADdobn/4nsMJ8V1H+CrpuduUe4hlRdx+ikBQju1VGjMD1GJ3Sk05Eg=="
      },
      "Microsoft.Bcl.Cryptography": {
        "type": "Transitive",
        "resolved": "10.0.2",
        "contentHash": "LG9Yll3B5aNpxv0+D47g6LiOiKBIlodhcHdQwcYzo8VeexFLGqx5ymetmA2aBRyo9cCcWsQWrFsdbsr8LvmWDw=="
      },
      "Microsoft.EntityFrameworkCore.Abstractions": {
        "type": "Transitive",
        "resolved": "10.0.11",
        "contentHash": "6auJR+9+9VunznKfH7WGrHMrnrmA0F7JZ22EXzwXvVhjfnbu9Xq7NSIWaOf3KJsOanM2qf5ajJ2JR5TlcPZTLA=="
      },
      "Microsoft.EntityFrameworkCore.Analyzers": {
        "type": "Transitive",
        "resolved": "10.0.11",
        "contentHash": "Bv7X4wSSnzCQED9WYXKJ8fwgyvKwf0xZM1GO8xkf6CF9zl+UBnvjxmcPnokJRy0JKjc1SlHSzzhx1HcL4jitTQ=="
      },
      "Microsoft.EntityFrameworkCore.Relational": {
        "type": "Transitive",
        "resolved": "10.0.3",
        "contentHash": "Pmh60OK9neVr/M0FJwm9hlzm2bD4Kd65SID8E6SP5c90tExNgXwORrlEWl0oGU/ig9ifpNN4PSpIrnHNozlT5w==",
        "dependencies": {
          "Microsoft.EntityFrameworkCore": "10.0.3"
        }
      },
      "Microsoft.IdentityModel.Abstractions": {
        "type": "Transitive",
        "resolved": "8.19.2",
        "contentHash": "HJbo/lnSfNHUfphPRT910poQc4T2/9+8svFLvzuaYHGAOJ2Tu+oEDqpX0BVP3BJ4OuUM1kylEKyaiX2fCAK3Cw=="
      },
      "Microsoft.IdentityModel.JsonWebTokens": {
        "type": "Transitive",
        "resolved": "8.19.2",
        "contentHash": "ui3fuBT4fs8kdKfBthI4NzLYIBIneEVS8UrL1JVBzAn80UiKmngBBi0BEByE7n/9c+EElcfFlCMFFTqpkBSLNA==",
        "dependencies": {
          "Microsoft.IdentityModel.Tokens": "8.19.2"
        }
      },
      "Microsoft.IdentityModel.Logging": {
        "type": "Transitive",
        "resolved": "8.19.2",
        "contentHash": "r5YLDIxGOnkVJHrqXv/iD1FM1CgGrQOdriXuvuWvTPmKbnGANhEysq9XKmN6IHjf2a+9bAGEpnoRBsAQlvJU5w==",
        "dependencies": {
          "Microsoft.IdentityModel.Abstractions": "8.19.2"
        }
      },
      "Microsoft.IdentityModel.Protocols": {
        "type": "Transitive",
        "resolved": "8.19.2",
        "contentHash": "sGxSsSrZXNmca6D+jHH2rVRyo2nNRd/g4H9CFbPmLLq0xgoH1U0orLWE5minfijw7+zq49tBs7txenbfAErRoQ==",
        "dependencies": {
          "Microsoft.IdentityModel.Tokens": "8.19.2"
        }
      },
      "Microsoft.IdentityModel.Protocols.OpenIdConnect": {
        "type": "Transitive",
        "resolved": "8.19.2",
        "contentHash": "1XOcyY36cVymzE3qKdzKaUEZ4Pzt7ZpSa14JZoPPK1NLFUkQDs85TCqpV6XDo0YjFXj6nVK00AfOHppjghjhtw==",
        "dependencies": {
          "Microsoft.IdentityModel.Protocols": "8.19.2",
          "System.IdentityModel.Tokens.Jwt": "8.19.2"
        }
      },
      "Microsoft.IdentityModel.Tokens": {
        "type": "Transitive",
        "resolved": "8.19.2",
        "contentHash": "GtPC1S02uH1gOO4fQ+zRysIicKmEXaYFP8PIkdJYXqMyruYhopre4ozVHp0XiDSA0+GJvOZH9prxCPvgBMg4Ww==",
        "dependencies": {
          "Microsoft.Bcl.Cryptography": "10.0.2",
          "Microsoft.IdentityModel.Logging": "8.19.2"
        }
      },
      "Npgsql": {
        "type": "Transitive",
        "resolved": "10.0.3",
        "contentHash": "7nb5YzXuvWWJxB0J8DiyL3we+X4FOctZrt0fIBnucOIaIevFEEwGQVZKtiu9olXdlNAK1eNgqSral6r/jlhI4w=="
      },
      "System.IdentityModel.Tokens.Jwt": {
        "type": "Transitive",
        "resolved": "8.19.2",
        "contentHash": "gqhDC/icByKEutygpr+OFgAmjwTVowyzFjWB8K0q1ww8uFj5a1BQNL+QvijUl9uhq4p8OdDwcAIrjVC+eC9FVA==",
        "dependencies": {
          "Microsoft.IdentityModel.JsonWebTokens": "8.19.2",
          "Microsoft.IdentityModel.Tokens": "8.19.2"
        }
      },
      "System.IO.Hashing": {
        "type": "Transitive",
        "resolved": "8.0.0",
        "contentHash": "ne1843evDugl0md7Fjzy6QjJrzsjh46ZKbhf8GwBXb5f/gw97J4bxMs0NQKifDuThh/f0bZ0e62NPl1jzTuRqA=="
      },
      "Trax.Core": {
        "type": "Transitive",
        "resolved": "1.6.0",
        "contentHash": "B0jTB0jsxtaT7dDnYrbhWHd083RMMKzlCh6AX34wYcMQCKuL+N9nObPLrzZaF3YekAVVFn2+zyIocdN28mIqCA==",
        "dependencies": {
          "LanguageExt.Core": "4.4.9"
        }
      },
      "Yarp.ReverseProxy": {
        "type": "Transitive",
        "resolved": "2.3.0",
        "contentHash": "gxtkN3a+9biu9V9Zd5NaTO6VZWXAnS2mhQ0R/VXmSPoTuiQNZsakKikrKpDtKxrL5nUYzbRsHtl40WNq+ZBKKg==",
        "dependencies": {
          "System.IO.Hashing": "8.0.0"
        }
      },
      "trax.api": {
        "type": "Project",
        "dependencies": {
          "Trax.Effect": "[1.47.0, )",
          "Trax.Effect.Data": "[1.47.0, )",
          "Trax.Mediator": "[1.20.0, )",
          "Trax.Scheduler": "[1.31.0, )"
        }
      },
      "trax.api.auth": {
        "type": "Project",
        "dependencies": {
          "Trax.Mediator": "[1.20.0, )"
        }
      },
      "trax.api.auth.jwt": {
        "type": "Project",
        "dependencies": {
          "Microsoft.AspNetCore.Authentication.JwtBearer": "[10.0.11, )",
          "Trax.Api.Auth": "[1.99.99, )"
        }
      },
      "HotChocolate": {
        "type": "CentralTransitive",
        "requested": "[16.6.2, )",
        "resolved": "16.6.2",
        "contentHash": "gxnD8FlGPZ3NSaVF5fuP862HfXA1IUt0hErn3WQfl0/SYrfA0UA7fXErgJMUpV8eLtzE55IXmV3Q0qn/aSBBBw==",
        "dependencies": {
          "HotChocolate.Authorization": "16.6.2",
          "HotChocolate.CostAnalysis": "16.6.2",
          "HotChocolate.Execution.Projections": "16.6.2",
          "HotChocolate.Types": "16.6.2",
          "HotChocolate.Types.CursorPagination": "16.6.2",
          "HotChocolate.Types.CursorPagination.Extensions": "16.6.2",
          "HotChocolate.Types.Mutations": "16.6.2",
          "HotChocolate.Types.Queries": "16.6.2",
          "HotChocolate.Validation": "16.6.2"
        }
      },
      "Microsoft.AspNetCore.Authentication.JwtBearer": {
        "type": "CentralTransitive",
        "requested": "[10.0.11, )",
        "resolved": "10.0.11",
        "contentHash": "Dy9yElSej0rVQL8LBpCLatWTKXNH6h6VBVFmGndTCf1Wge0jSvH9U8mml6ddVDAQ089q1/fDYlhyukHSgx8unQ==",
        "dependencies": {
          "Microsoft.IdentityModel.Protocols.OpenIdConnect": "8.19.2"
        }
      },
      "Microsoft.EntityFrameworkCore": {
        "type": "CentralTransitive",
        "requested": "[10.0.11, )",
        "resolved": "10.0.11",
        "contentHash": "VOSGU8en6HZJs8t7UMFN+9vGcRgVOOn6fA44Ngcg2NyvJ3P1KE94iAb0XzaVaGhXGtt+qaM/VtEn0/hzluQJeg==",
        "dependencies": {
          "Microsoft.EntityFrameworkCore.Abstractions": "10.0.11",
          "Microsoft.EntityFrameworkCore.Analyzers": "10.0.11"
        }
      },
      "Trax.Effect": {
        "type": "CentralTransitive",
        "requested": "[1.47.0, )",
        "resolved": "1.47.0",
        "contentHash": "0M+Ydpjse1pLNzsnp5S/PuRKVDXDn+w58x8d/BqocghzjByq/RM1bGQGyneqa++tWPZZoQUjn5fGteZv1L0wOQ==",
        "dependencies": {
          "Trax.Core": "1.6.0"
        }
      },
      "Trax.Effect.Data": {
        "type": "CentralTransitive",
        "requested": "[1.47.0, )",
        "resolved": "1.47.0",
        "contentHash": "wX8lUqPrh3VfQgHHKqDS1pksRwHuSra/5FqTswnonyu1ZYxo9rpk0qHUER1IcXK3A2M8o8ErAGsi5+vY0Q5eFA==",
        "dependencies": {
          "Microsoft.EntityFrameworkCore": "10.0.3",
          "Microsoft.EntityFrameworkCore.Relational": "10.0.3",
          "Npgsql": "10.0.3",
          "Trax.Core": "1.6.0",
          "Trax.Effect": "1.47.0"
        }
      },
      "Trax.Mediator": {
        "type": "CentralTransitive",
        "requested": "[1.20.0, )",
        "resolved": "1.20.0",
        "contentHash": "++o5w7hEaf9SS+qyzvY2++kSECmUg1rvckCraFK+kVZ9eTYcgTJZ4jggtU/njDiZae64Fk34KE7LTS7THed/VA==",
        "dependencies": {
          "Trax.Effect": "1.41.0",
          "Trax.Effect.Data": "1.41.0"
        }
      },
      "Trax.Scheduler": {
        "type": "CentralTransitive",
        "requested": "[1.31.0, )",
        "resolved": "1.31.0",
        "contentHash": "7vCFKZJjsM6P/C0KmGNA71FictNdnSJnenMBLRgXsBueeeE3LE0cerLv+E5RZgdJLYtzwdHKz+qfohhiIZVTAA==",
        "dependencies": {
          "Cronos": "0.13.0",
          "Npgsql": "10.0.3",
          "Trax.Effect": "1.43.0",
          "Trax.Effect.Data": "1.43.0",
          "Trax.Mediator": "1.20.0"
        }
      }
    }
  }
}